// !$*UTF8*$!
{
	archiveVersion = 1;
	classes = {
	};
	objectVersion = 55;
	objects = {

/* Begin PBXBuildFile section */
		1E2ED8F828E738A0005E1412 /* matbookingApp.swift in Sources */ = {isa = PBXBuildFile; fileRef = 1E2ED8F728E738A0005E1412 /* matbookingApp.swift */; };
		1E2ED8FA28E738A0005E1412 /* LoginView.swift in Sources */ = {isa = PBXBuildFile; fileRef = 1E2ED8F928E738A0005E1412 /* LoginView.swift */; };
		1E2ED8FC28E738A0005E1412 /* Assets.xcassets in Resources */ = {isa = PBXBuildFile; fileRef = 1E2ED8FB28E738A0005E1412 /* Assets.xcassets */; };
		1E2ED8FF28E738A0005E1412 /* Preview Assets.xcassets in Resources */ = {isa = PBXBuildFile; fileRef = 1E2ED8FE28E738A0005E1412 /* Preview Assets.xcassets */; };
		1E2ED90628E7391A005E1412 /* RestaurantContentView.swift in Sources */ = {isa = PBXBuildFile; fileRef = 1E2ED90528E7391A005E1412 /* RestaurantContentView.swift */; };
		1E2ED90C28E7443A005E1412 /* Restaurant.swift in Sources */ = {isa = PBXBuildFile; fileRef = 1E2ED90B28E7443A005E1412 /* Restaurant.swift */; };
		1E2ED91028E75413005E1412 /* RestaurantViewModel.swift in Sources */ = {isa = PBXBuildFile; fileRef = 1E2ED90F28E75413005E1412 /* RestaurantViewModel.swift */; };
		1E5FE2D228EADFF000736C0C /* MakeResrvationsView.swift in Sources */ = {isa = PBXBuildFile; fileRef = 1E5FE2D128EADFF000736C0C /* MakeResrvationsView.swift */; };
		1E5FE2D628EAF84B00736C0C /* ContentView.swift in Sources */ = {isa = PBXBuildFile; fileRef = 1E5FE2D528EAF84B00736C0C /* ContentView.swift */; };
		1E5FE2D828EAFA1800736C0C /* RestaurantListView.swift in Sources */ = {isa = PBXBuildFile; fileRef = 1E5FE2D728EAFA1800736C0C /* RestaurantListView.swift */; };
		1E5FE2DA28EAFC4500736C0C /* Reservation.swift in Sources */ = {isa = PBXBuildFile; fileRef = 1E5FE2D928EAFC4500736C0C /* Reservation.swift */; };
		1E5FE2DC28EAFD4700736C0C /* ReservationViewModel.swift in Sources */ = {isa = PBXBuildFile; fileRef = 1E5FE2DB28EAFD4700736C0C /* ReservationViewModel.swift */; };
		1E5FE2DE28EB1DEF00736C0C /* UserDetailView.swift in Sources */ = {isa = PBXBuildFile; fileRef = 1E5FE2DD28EB1DEF00736C0C /* UserDetailView.swift */; };
		1E5FE2E028EC1A5F00736C0C /* KeyChain.swift in Sources */ = {isa = PBXBuildFile; fileRef = 1E5FE2DF28EC1A5F00736C0C /* KeyChain.swift */; };
		1E5FE2E328EC2E5600736C0C /* UserViewModel.swift in Sources */ = {isa = PBXBuildFile; fileRef = 1E5FE2E228EC2E5600736C0C /* UserViewModel.swift */; };
		1E5FE2E528EC352700736C0C /* ChatView.swift in Sources */ = {isa = PBXBuildFile; fileRef = 1E5FE2E428EC352700736C0C /* ChatView.swift */; };
		1E83C63A28F00DCE00C69431 /* BaseResponse.swift in Sources */ = {isa = PBXBuildFile; fileRef = 1E83C63928F00DCE00C69431 /* BaseResponse.swift */; };
		1E8CDF1928EDA9E300651C4D /* ApiClient.swift in Sources */ = {isa = PBXBuildFile; fileRef = 1E8CDF1828EDA9E300651C4D /* ApiClient.swift */; };
		1E8CDF1B28EDAB5300651C4D /* ApiLogger.swift in Sources */ = {isa = PBXBuildFile; fileRef = 1E8CDF1A28EDAB5300651C4D /* ApiLogger.swift */; };
		1E8CDF1E28EDAC7600651C4D /* BaseInterceptor.swift in Sources */ = {isa = PBXBuildFile; fileRef = 1E8CDF1D28EDAC7600651C4D /* BaseInterceptor.swift */; };
		1E8CDF2128EDAF9F00651C4D /* RestaurantsRouter.swift in Sources */ = {isa = PBXBuildFile; fileRef = 1E8CDF2028EDAF9F00651C4D /* RestaurantsRouter.swift */; };
		1E8CDF2428EDB15700651C4D /* RestaurantsApiService.swift in Sources */ = {isa = PBXBuildFile; fileRef = 1E8CDF2328EDB15700651C4D /* RestaurantsApiService.swift */; };
		1E8CDF2628EDB35400651C4D /* RestaurantsListResponse.swift in Sources */ = {isa = PBXBuildFile; fileRef = 1E8CDF2528EDB35400651C4D /* RestaurantsListResponse.swift */; };
		1EE612F928EEBA7700797DD9 /* User.swift in Sources */ = {isa = PBXBuildFile; fileRef = 1EE612F828EEBA7700797DD9 /* User.swift */; };
		1EE612FB28EEBCEC00797DD9 /* UserRouter.swift in Sources */ = {isa = PBXBuildFile; fileRef = 1EE612FA28EEBCEC00797DD9 /* UserRouter.swift */; };
		1EE612FD28EEBDC200797DD9 /* UserApiService.swift in Sources */ = {isa = PBXBuildFile; fileRef = 1EE612FC28EEBDC200797DD9 /* UserApiService.swift */; };
		1EE612FF28EEC13300797DD9 /* Auth0Interceptor.swift in Sources */ = {isa = PBXBuildFile; fileRef = 1EE612FE28EEC13300797DD9 /* Auth0Interceptor.swift */; };
		1EE6130128EEC8F800797DD9 /* UserResponse.swift in Sources */ = {isa = PBXBuildFile; fileRef = 1EE6130028EEC8F800797DD9 /* UserResponse.swift */; };
		1EE6130328F0010100797DD9 /* JoinResponse.swift in Sources */ = {isa = PBXBuildFile; fileRef = 1EE6130228F0010100797DD9 /* JoinResponse.swift */; };
		1EF34C7A28E75EFD00F1396B /* JoinView.swift in Sources */ = {isa = PBXBuildFile; fileRef = 1EF34C7928E75EFD00F1396B /* JoinView.swift */; };
		1EF34C7E28E7622E00F1396B /* RestaurantDetailView.swift in Sources */ = {isa = PBXBuildFile; fileRef = 1EF34C7D28E7622E00F1396B /* RestaurantDetailView.swift */; };
		1EF34C8128EACDC800F1396B /* Auth0.plist in Resources */ = {isa = PBXBuildFile; fileRef = 1EF34C8028EACDC800F1396B /* Auth0.plist */; };
		1EF34C8328EACEE400F1396B /* Auth0User.swift in Sources */ = {isa = PBXBuildFile; fileRef = 1EF34C8228EACEE400F1396B /* Auth0User.swift */; };
		8ABB7901AFE9790246F0DC38 /* Pods_matbooking.framework in Frameworks */ = {isa = PBXBuildFile; fileRef = 503847C7DC227164F12D8542 /* Pods_matbooking.framework */; };
/* End PBXBuildFile section */

/* Begin PBXFileReference section */
		1E2ED8F428E738A0005E1412 /* matbooking.app */ = {isa = PBXFileReference; explicitFileType = wrapper.application; includeInIndex = 0; path = matbooking.app; sourceTree = BUILT_PRODUCTS_DIR; };
		1E2ED8F728E738A0005E1412 /* matbookingApp.swift */ = {isa = PBXFileReference; lastKnownFileType = sourcecode.swift; path = matbookingApp.swift; sourceTree = "<group>"; };
		1E2ED8F928E738A0005E1412 /* LoginView.swift */ = {isa = PBXFileReference; lastKnownFileType = sourcecode.swift; path = LoginView.swift; sourceTree = "<group>"; };
		1E2ED8FB28E738A0005E1412 /* Assets.xcassets */ = {isa = PBXFileReference; lastKnownFileType = folder.assetcatalog; path = Assets.xcassets; sourceTree = "<group>"; };
		1E2ED8FE28E738A0005E1412 /* Preview Assets.xcassets */ = {isa = PBXFileReference; lastKnownFileType = folder.assetcatalog; path = "Preview Assets.xcassets"; sourceTree = "<group>"; };
		1E2ED90528E7391A005E1412 /* RestaurantContentView.swift */ = {isa = PBXFileReference; lastKnownFileType = sourcecode.swift; path = RestaurantContentView.swift; sourceTree = "<group>"; };
		1E2ED90B28E7443A005E1412 /* Restaurant.swift */ = {isa = PBXFileReference; lastKnownFileType = sourcecode.swift; path = Restaurant.swift; sourceTree = "<group>"; };
		1E2ED90F28E75413005E1412 /* RestaurantViewModel.swift */ = {isa = PBXFileReference; lastKnownFileType = sourcecode.swift; path = RestaurantViewModel.swift; sourceTree = "<group>"; };
		1E5FE2D128EADFF000736C0C /* MakeResrvationsView.swift */ = {isa = PBXFileReference; lastKnownFileType = sourcecode.swift; path = MakeResrvationsView.swift; sourceTree = "<group>"; };
		1E5FE2D528EAF84B00736C0C /* ContentView.swift */ = {isa = PBXFileReference; lastKnownFileType = sourcecode.swift; path = ContentView.swift; sourceTree = "<group>"; };
		1E5FE2D728EAFA1800736C0C /* RestaurantListView.swift */ = {isa = PBXFileReference; lastKnownFileType = sourcecode.swift; path = RestaurantListView.swift; sourceTree = "<group>"; };
		1E5FE2D928EAFC4500736C0C /* Reservation.swift */ = {isa = PBXFileReference; lastKnownFileType = sourcecode.swift; path = Reservation.swift; sourceTree = "<group>"; };
		1E5FE2DB28EAFD4700736C0C /* ReservationViewModel.swift */ = {isa = PBXFileReference; lastKnownFileType = sourcecode.swift; path = ReservationViewModel.swift; sourceTree = "<group>"; };
		1E5FE2DD28EB1DEF00736C0C /* UserDetailView.swift */ = {isa = PBXFileReference; lastKnownFileType = sourcecode.swift; path = UserDetailView.swift; sourceTree = "<group>"; };
		1E5FE2DF28EC1A5F00736C0C /* KeyChain.swift */ = {isa = PBXFileReference; lastKnownFileType = sourcecode.swift; path = KeyChain.swift; sourceTree = "<group>"; };
		1E5FE2E228EC2E5600736C0C /* UserViewModel.swift */ = {isa = PBXFileReference; lastKnownFileType = sourcecode.swift; path = UserViewModel.swift; sourceTree = "<group>"; };
		1E5FE2E428EC352700736C0C /* ChatView.swift */ = {isa = PBXFileReference; lastKnownFileType = sourcecode.swift; path = ChatView.swift; sourceTree = "<group>"; };
		1E83C63928F00DCE00C69431 /* BaseResponse.swift */ = {isa = PBXFileReference; lastKnownFileType = sourcecode.swift; path = BaseResponse.swift; sourceTree = "<group>"; };
		1E8CDF1828EDA9E300651C4D /* ApiClient.swift */ = {isa = PBXFileReference; lastKnownFileType = sourcecode.swift; path = ApiClient.swift; sourceTree = "<group>"; };
		1E8CDF1A28EDAB5300651C4D /* ApiLogger.swift */ = {isa = PBXFileReference; lastKnownFileType = sourcecode.swift; path = ApiLogger.swift; sourceTree = "<group>"; };
		1E8CDF1D28EDAC7600651C4D /* BaseInterceptor.swift */ = {isa = PBXFileReference; lastKnownFileType = sourcecode.swift; path = BaseInterceptor.swift; sourceTree = "<group>"; };
		1E8CDF2028EDAF9F00651C4D /* RestaurantsRouter.swift */ = {isa = PBXFileReference; lastKnownFileType = sourcecode.swift; path = RestaurantsRouter.swift; sourceTree = "<group>"; };
		1E8CDF2328EDB15700651C4D /* RestaurantsApiService.swift */ = {isa = PBXFileReference; lastKnownFileType = sourcecode.swift; path = RestaurantsApiService.swift; sourceTree = "<group>"; };
		1E8CDF2528EDB35400651C4D /* RestaurantsListResponse.swift */ = {isa = PBXFileReference; lastKnownFileType = sourcecode.swift; path = RestaurantsListResponse.swift; sourceTree = "<group>"; };
		1EE612F828EEBA7700797DD9 /* User.swift */ = {isa = PBXFileReference; lastKnownFileType = sourcecode.swift; path = User.swift; sourceTree = "<group>"; };
		1EE612FA28EEBCEC00797DD9 /* UserRouter.swift */ = {isa = PBXFileReference; lastKnownFileType = sourcecode.swift; path = UserRouter.swift; sourceTree = "<group>"; };
		1EE612FC28EEBDC200797DD9 /* UserApiService.swift */ = {isa = PBXFileReference; lastKnownFileType = sourcecode.swift; path = UserApiService.swift; sourceTree = "<group>"; };
		1EE612FE28EEC13300797DD9 /* Auth0Interceptor.swift */ = {isa = PBXFileReference; lastKnownFileType = sourcecode.swift; path = Auth0Interceptor.swift; sourceTree = "<group>"; };
		1EE6130028EEC8F800797DD9 /* UserResponse.swift */ = {isa = PBXFileReference; lastKnownFileType = sourcecode.swift; path = UserResponse.swift; sourceTree = "<group>"; };
		1EE6130228F0010100797DD9 /* JoinResponse.swift */ = {isa = PBXFileReference; lastKnownFileType = sourcecode.swift; path = JoinResponse.swift; sourceTree = "<group>"; };
		1EF34C7928E75EFD00F1396B /* JoinView.swift */ = {isa = PBXFileReference; lastKnownFileType = sourcecode.swift; path = JoinView.swift; sourceTree = "<group>"; };
		1EF34C7D28E7622E00F1396B /* RestaurantDetailView.swift */ = {isa = PBXFileReference; lastKnownFileType = sourcecode.swift; path = RestaurantDetailView.swift; sourceTree = "<group>"; };
		1EF34C7F28EACC3300F1396B /* Info.plist */ = {isa = PBXFileReference; lastKnownFileType = text.plist; path = Info.plist; sourceTree = "<group>"; };
		1EF34C8028EACDC800F1396B /* Auth0.plist */ = {isa = PBXFileReference; lastKnownFileType = text.plist.xml; path = Auth0.plist; sourceTree = "<group>"; };
		1EF34C8228EACEE400F1396B /* Auth0User.swift */ = {isa = PBXFileReference; lastKnownFileType = sourcecode.swift; path = Auth0User.swift; sourceTree = "<group>"; };
		503847C7DC227164F12D8542 /* Pods_matbooking.framework */ = {isa = PBXFileReference; explicitFileType = wrapper.framework; includeInIndex = 0; path = Pods_matbooking.framework; sourceTree = BUILT_PRODUCTS_DIR; };
		66449D3E40C7FB44E0056772 /* Pods-matbooking.release.xcconfig */ = {isa = PBXFileReference; includeInIndex = 1; lastKnownFileType = text.xcconfig; name = "Pods-matbooking.release.xcconfig"; path = "Target Support Files/Pods-matbooking/Pods-matbooking.release.xcconfig"; sourceTree = "<group>"; };
		E1F075C96C115F26BECA5113 /* Pods-matbooking.debug.xcconfig */ = {isa = PBXFileReference; includeInIndex = 1; lastKnownFileType = text.xcconfig; name = "Pods-matbooking.debug.xcconfig"; path = "Target Support Files/Pods-matbooking/Pods-matbooking.debug.xcconfig"; sourceTree = "<group>"; };
/* End PBXFileReference section */

/* Begin PBXFrameworksBuildPhase section */
		1E2ED8F128E738A0005E1412 /* Frameworks */ = {
			isa = PBXFrameworksBuildPhase;
			buildActionMask = 2147483647;
			files = (
				8ABB7901AFE9790246F0DC38 /* Pods_matbooking.framework in Frameworks */,
			);
			runOnlyForDeploymentPostprocessing = 0;
		};
/* End PBXFrameworksBuildPhase section */

/* Begin PBXGroup section */
		1E2ED8EB28E738A0005E1412 = {
			isa = PBXGroup;
			children = (
				1E2ED8F628E738A0005E1412 /* matbooking */,
				1E2ED8F528E738A0005E1412 /* Products */,
				C6819B4253A3B691D31D554E /* Pods */,
				DEB292FC787E5C4977906275 /* Frameworks */,
			);
			sourceTree = "<group>";
		};
		1E2ED8F528E738A0005E1412 /* Products */ = {
			isa = PBXGroup;
			children = (
				1E2ED8F428E738A0005E1412 /* matbooking.app */,
			);
			name = Products;
			sourceTree = "<group>";
		};
		1E2ED8F628E738A0005E1412 /* matbooking */ = {
			isa = PBXGroup;
			children = (
				1EF34C8028EACDC800F1396B /* Auth0.plist */,
				1EF34C7F28EACC3300F1396B /* Info.plist */,
				1E8CDF1728EDA9B200651C4D /* API */,
				1E5FE2E128EC2A6900736C0C /* Utility */,
				1E2ED90E28E753F6005E1412 /* ViewModels */,
				1E2ED90A28E7441E005E1412 /* Models */,
				1E2ED90728E73971005E1412 /* Views */,
				1E2ED8F728E738A0005E1412 /* matbookingApp.swift */,
				1E2ED8FB28E738A0005E1412 /* Assets.xcassets */,
				1E2ED8FD28E738A0005E1412 /* Preview Content */,
			);
			path = matbooking;
			sourceTree = "<group>";
		};
		1E2ED8FD28E738A0005E1412 /* Preview Content */ = {
			isa = PBXGroup;
			children = (
				1E2ED8FE28E738A0005E1412 /* Preview Assets.xcassets */,
			);
			path = "Preview Content";
			sourceTree = "<group>";
		};
		1E2ED90728E73971005E1412 /* Views */ = {
			isa = PBXGroup;
			children = (
				1E2ED8F928E738A0005E1412 /* LoginView.swift */,
				1E2ED90528E7391A005E1412 /* RestaurantContentView.swift */,
				1E5FE2D728EAFA1800736C0C /* RestaurantListView.swift */,
				1EF34C7D28E7622E00F1396B /* RestaurantDetailView.swift */,
				1E5FE2DD28EB1DEF00736C0C /* UserDetailView.swift */,
				1E5FE2D528EAF84B00736C0C /* ContentView.swift */,
				1E5FE2E428EC352700736C0C /* ChatView.swift */,
				1EF34C7928E75EFD00F1396B /* JoinView.swift */,
				1E5FE2D128EADFF000736C0C /* MakeResrvationsView.swift */,
			);
			path = Views;
			sourceTree = "<group>";
		};
		1E2ED90A28E7441E005E1412 /* Models */ = {
			isa = PBXGroup;
			children = (
				1E2ED90B28E7443A005E1412 /* Restaurant.swift */,
				1EF34C8228EACEE400F1396B /* Auth0User.swift */,
				1EE612F828EEBA7700797DD9 /* User.swift */,
				1EE6130028EEC8F800797DD9 /* UserResponse.swift */,
				1E83C63928F00DCE00C69431 /* BaseResponse.swift */,
				1EE6130228F0010100797DD9 /* JoinResponse.swift */,
				1E5FE2D928EAFC4500736C0C /* Reservation.swift */,
				1E8CDF2528EDB35400651C4D /* RestaurantsListResponse.swift */,
			);
			path = Models;
			sourceTree = "<group>";
		};
		1E2ED90E28E753F6005E1412 /* ViewModels */ = {
			isa = PBXGroup;
			children = (
				1E2ED90F28E75413005E1412 /* RestaurantViewModel.swift */,
				1E5FE2E228EC2E5600736C0C /* UserViewModel.swift */,
				1E5FE2DB28EAFD4700736C0C /* ReservationViewModel.swift */,
			);
			path = ViewModels;
			sourceTree = "<group>";
		};
		1E5FE2E128EC2A6900736C0C /* Utility */ = {
			isa = PBXGroup;
			children = (
				1E5FE2DF28EC1A5F00736C0C /* KeyChain.swift */,
			);
			path = Utility;
			sourceTree = "<group>";
		};
		1E8CDF1728EDA9B200651C4D /* API */ = {
			isa = PBXGroup;
			children = (
				1E8CDF2228EDB13E00651C4D /* Services */,
				1E8CDF1F28EDAF7E00651C4D /* Routers */,
				1E8CDF1C28EDAC5B00651C4D /* Interceptors */,
				1E8CDF1828EDA9E300651C4D /* ApiClient.swift */,
				1E8CDF1A28EDAB5300651C4D /* ApiLogger.swift */,
			);
			path = API;
			sourceTree = "<group>";
		};
		1E8CDF1C28EDAC5B00651C4D /* Interceptors */ = {
			isa = PBXGroup;
			children = (
				1E8CDF1D28EDAC7600651C4D /* BaseInterceptor.swift */,
				1EE612FE28EEC13300797DD9 /* Auth0Interceptor.swift */,
			);
			path = Interceptors;
			sourceTree = "<group>";
		};
		1E8CDF1F28EDAF7E00651C4D /* Routers */ = {
			isa = PBXGroup;
			children = (
				1E8CDF2028EDAF9F00651C4D /* RestaurantsRouter.swift */,
				1EE612FA28EEBCEC00797DD9 /* UserRouter.swift */,
			);
			path = Routers;
			sourceTree = "<group>";
		};
		1E8CDF2228EDB13E00651C4D /* Services */ = {
			isa = PBXGroup;
			children = (
				1E8CDF2328EDB15700651C4D /* RestaurantsApiService.swift */,
				1EE612FC28EEBDC200797DD9 /* UserApiService.swift */,
			);
			path = Services;
			sourceTree = "<group>";
		};
		C6819B4253A3B691D31D554E /* Pods */ = {
			isa = PBXGroup;
			children = (
				E1F075C96C115F26BECA5113 /* Pods-matbooking.debug.xcconfig */,
				66449D3E40C7FB44E0056772 /* Pods-matbooking.release.xcconfig */,
			);
			path = Pods;
			sourceTree = "<group>";
		};
		DEB292FC787E5C4977906275 /* Frameworks */ = {
			isa = PBXGroup;
			children = (
				503847C7DC227164F12D8542 /* Pods_matbooking.framework */,
			);
			name = Frameworks;
			sourceTree = "<group>";
		};
/* End PBXGroup section */

/* Begin PBXNativeTarget section */
		1E2ED8F328E738A0005E1412 /* matbooking */ = {
			isa = PBXNativeTarget;
			buildConfigurationList = 1E2ED90228E738A0005E1412 /* Build configuration list for PBXNativeTarget "matbooking" */;
			buildPhases = (
				24650B3C5097E44E436A208A /* [CP] Check Pods Manifest.lock */,
				1E2ED8F028E738A0005E1412 /* Sources */,
				1E2ED8F128E738A0005E1412 /* Frameworks */,
				1E2ED8F228E738A0005E1412 /* Resources */,
				B85F4DD71C115D2462078F7B /* [CP] Embed Pods Frameworks */,
			);
			buildRules = (
			);
			dependencies = (
			);
			name = matbooking;
			productName = matbooking;
			productReference = 1E2ED8F428E738A0005E1412 /* matbooking.app */;
			productType = "com.apple.product-type.application";
		};
/* End PBXNativeTarget section */

/* Begin PBXProject section */
		1E2ED8EC28E738A0005E1412 /* Project object */ = {
			isa = PBXProject;
			attributes = {
				BuildIndependentTargetsInParallel = 1;
				LastSwiftUpdateCheck = 1340;
				LastUpgradeCheck = 1340;
				TargetAttributes = {
					1E2ED8F328E738A0005E1412 = {
						CreatedOnToolsVersion = 13.4.1;
					};
				};
			};
			buildConfigurationList = 1E2ED8EF28E738A0005E1412 /* Build configuration list for PBXProject "matbooking" */;
			compatibilityVersion = "Xcode 13.0";
			developmentRegion = en;
			hasScannedForEncodings = 0;
			knownRegions = (
				en,
				Base,
			);
			mainGroup = 1E2ED8EB28E738A0005E1412;
			productRefGroup = 1E2ED8F528E738A0005E1412 /* Products */;
			projectDirPath = "";
			projectRoot = "";
			targets = (
				1E2ED8F328E738A0005E1412 /* matbooking */,
			);
		};
/* End PBXProject section */

/* Begin PBXResourcesBuildPhase section */
		1E2ED8F228E738A0005E1412 /* Resources */ = {
			isa = PBXResourcesBuildPhase;
			buildActionMask = 2147483647;
			files = (
				1E2ED8FF28E738A0005E1412 /* Preview Assets.xcassets in Resources */,
				1EF34C8128EACDC800F1396B /* Auth0.plist in Resources */,
				1E2ED8FC28E738A0005E1412 /* Assets.xcassets in Resources */,
			);
			runOnlyForDeploymentPostprocessing = 0;
		};
/* End PBXResourcesBuildPhase section */

/* Begin PBXShellScriptBuildPhase section */
		24650B3C5097E44E436A208A /* [CP] Check Pods Manifest.lock */ = {
			isa = PBXShellScriptBuildPhase;
			buildActionMask = 2147483647;
			files = (
			);
			inputFileListPaths = (
			);
			inputPaths = (
				"${PODS_PODFILE_DIR_PATH}/Podfile.lock",
				"${PODS_ROOT}/Manifest.lock",
			);
			name = "[CP] Check Pods Manifest.lock";
			outputFileListPaths = (
			);
			outputPaths = (
				"$(DERIVED_FILE_DIR)/Pods-matbooking-checkManifestLockResult.txt",
			);
			runOnlyForDeploymentPostprocessing = 0;
			shellPath = /bin/sh;
			shellScript = "diff \"${PODS_PODFILE_DIR_PATH}/Podfile.lock\" \"${PODS_ROOT}/Manifest.lock\" > /dev/null\nif [ $? != 0 ] ; then\n    # print error to STDERR\n    echo \"error: The sandbox is not in sync with the Podfile.lock. Run 'pod install' or update your CocoaPods installation.\" >&2\n    exit 1\nfi\n# This output is used by Xcode 'outputs' to avoid re-running this script phase.\necho \"SUCCESS\" > \"${SCRIPT_OUTPUT_FILE_0}\"\n";
			showEnvVarsInLog = 0;
		};
		B85F4DD71C115D2462078F7B /* [CP] Embed Pods Frameworks */ = {
			isa = PBXShellScriptBuildPhase;
			buildActionMask = 2147483647;
			files = (
			);
			inputFileListPaths = (
				"${PODS_ROOT}/Target Support Files/Pods-matbooking/Pods-matbooking-frameworks-${CONFIGURATION}-input-files.xcfilelist",
			);
			name = "[CP] Embed Pods Frameworks";
			outputFileListPaths = (
				"${PODS_ROOT}/Target Support Files/Pods-matbooking/Pods-matbooking-frameworks-${CONFIGURATION}-output-files.xcfilelist",
			);
			runOnlyForDeploymentPostprocessing = 0;
			shellPath = /bin/sh;
			shellScript = "\"${PODS_ROOT}/Target Support Files/Pods-matbooking/Pods-matbooking-frameworks.sh\"\n";
			showEnvVarsInLog = 0;
		};
/* End PBXShellScriptBuildPhase section */

/* Begin PBXSourcesBuildPhase section */
		1E2ED8F028E738A0005E1412 /* Sources */ = {
			isa = PBXSourcesBuildPhase;
			buildActionMask = 2147483647;
			files = (
				1E5FE2DC28EAFD4700736C0C /* ReservationViewModel.swift in Sources */,
				1E2ED90C28E7443A005E1412 /* Restaurant.swift in Sources */,
				1E2ED91028E75413005E1412 /* RestaurantViewModel.swift in Sources */,
				1E5FE2DA28EAFC4500736C0C /* Reservation.swift in Sources */,
				1E5FE2DE28EB1DEF00736C0C /* UserDetailView.swift in Sources */,
				1E8CDF1B28EDAB5300651C4D /* ApiLogger.swift in Sources */,
				1EE612FD28EEBDC200797DD9 /* UserApiService.swift in Sources */,
				1E8CDF1E28EDAC7600651C4D /* BaseInterceptor.swift in Sources */,
				1E2ED8FA28E738A0005E1412 /* LoginView.swift in Sources */,
				1E2ED90628E7391A005E1412 /* RestaurantContentView.swift in Sources */,
				1E8CDF2628EDB35400651C4D /* RestaurantsListResponse.swift in Sources */,
				1EE6130328F0010100797DD9 /* JoinResponse.swift in Sources */,
				1EE6130128EEC8F800797DD9 /* UserResponse.swift in Sources */,
				1E5FE2E028EC1A5F00736C0C /* KeyChain.swift in Sources */,
				1EF34C7E28E7622E00F1396B /* RestaurantDetailView.swift in Sources */,
				1E83C63A28F00DCE00C69431 /* BaseResponse.swift in Sources */,
				1E5FE2E328EC2E5600736C0C /* UserViewModel.swift in Sources */,
				1E5FE2D228EADFF000736C0C /* MakeResrvationsView.swift in Sources */,
				1E8CDF2128EDAF9F00651C4D /* RestaurantsRouter.swift in Sources */,
				1E8CDF2428EDB15700651C4D /* RestaurantsApiService.swift in Sources */,
				1E8CDF1928EDA9E300651C4D /* ApiClient.swift in Sources */,
				1E5FE2D628EAF84B00736C0C /* ContentView.swift in Sources */,
				1E5FE2E528EC352700736C0C /* ChatView.swift in Sources */,
				1EF34C8328EACEE400F1396B /* Auth0User.swift in Sources */,
				1EE612F928EEBA7700797DD9 /* User.swift in Sources */,
				1EE612FF28EEC13300797DD9 /* Auth0Interceptor.swift in Sources */,
				1E5FE2D828EAFA1800736C0C /* RestaurantListView.swift in Sources */,
				1E2ED8F828E738A0005E1412 /* matbookingApp.swift in Sources */,
				1EF34C7A28E75EFD00F1396B /* JoinView.swift in Sources */,
				1EE612FB28EEBCEC00797DD9 /* UserRouter.swift in Sources */,
			);
			runOnlyForDeploymentPostprocessing = 0;
		};
/* End PBXSourcesBuildPhase section */

/* Begin XCBuildConfiguration section */
		1E2ED90028E738A0005E1412 /* Debug */ = {
			isa = XCBuildConfiguration;
			buildSettings = {
				ALWAYS_SEARCH_USER_PATHS = NO;
				CLANG_ANALYZER_NONNULL = YES;
				CLANG_ANALYZER_NUMBER_OBJECT_CONVERSION = YES_AGGRESSIVE;
				CLANG_CXX_LANGUAGE_STANDARD = "gnu++17";
				CLANG_ENABLE_MODULES = YES;
				CLANG_ENABLE_OBJC_ARC = YES;
				CLANG_ENABLE_OBJC_WEAK = YES;
				CLANG_WARN_BLOCK_CAPTURE_AUTORELEASING = YES;
				CLANG_WARN_BOOL_CONVERSION = YES;
				CLANG_WARN_COMMA = YES;
				CLANG_WARN_CONSTANT_CONVERSION = YES;
				CLANG_WARN_DEPRECATED_OBJC_IMPLEMENTATIONS = YES;
				CLANG_WARN_DIRECT_OBJC_ISA_USAGE = YES_ERROR;
				CLANG_WARN_DOCUMENTATION_COMMENTS = YES;
				CLANG_WARN_EMPTY_BODY = YES;
				CLANG_WARN_ENUM_CONVERSION = YES;
				CLANG_WARN_INFINITE_RECURSION = YES;
				CLANG_WARN_INT_CONVERSION = YES;
				CLANG_WARN_NON_LITERAL_NULL_CONVERSION = YES;
				CLANG_WARN_OBJC_IMPLICIT_RETAIN_SELF = YES;
				CLANG_WARN_OBJC_LITERAL_CONVERSION = YES;
				CLANG_WARN_OBJC_ROOT_CLASS = YES_ERROR;
				CLANG_WARN_QUOTED_INCLUDE_IN_FRAMEWORK_HEADER = YES;
				CLANG_WARN_RANGE_LOOP_ANALYSIS = YES;
				CLANG_WARN_STRICT_PROTOTYPES = YES;
				CLANG_WARN_SUSPICIOUS_MOVE = YES;
				CLANG_WARN_UNGUARDED_AVAILABILITY = YES_AGGRESSIVE;
				CLANG_WARN_UNREACHABLE_CODE = YES;
				CLANG_WARN__DUPLICATE_METHOD_MATCH = YES;
				COPY_PHASE_STRIP = NO;
				DEBUG_INFORMATION_FORMAT = dwarf;
				ENABLE_STRICT_OBJC_MSGSEND = YES;
				ENABLE_TESTABILITY = YES;
				GCC_C_LANGUAGE_STANDARD = gnu11;
				GCC_DYNAMIC_NO_PIC = NO;
				GCC_NO_COMMON_BLOCKS = YES;
				GCC_OPTIMIZATION_LEVEL = 0;
				GCC_PREPROCESSOR_DEFINITIONS = (
					"DEBUG=1",
					"$(inherited)",
				);
				GCC_WARN_64_TO_32_BIT_CONVERSION = YES;
				GCC_WARN_ABOUT_RETURN_TYPE = YES_ERROR;
				GCC_WARN_UNDECLARED_SELECTOR = YES;
				GCC_WARN_UNINITIALIZED_AUTOS = YES_AGGRESSIVE;
				GCC_WARN_UNUSED_FUNCTION = YES;
				GCC_WARN_UNUSED_VARIABLE = YES;
				IPHONEOS_DEPLOYMENT_TARGET = 15.5;
				MTL_ENABLE_DEBUG_INFO = INCLUDE_SOURCE;
				MTL_FAST_MATH = YES;
				ONLY_ACTIVE_ARCH = YES;
				SDKROOT = iphoneos;
				SWIFT_ACTIVE_COMPILATION_CONDITIONS = DEBUG;
				SWIFT_OPTIMIZATION_LEVEL = "-Onone";
			};
			name = Debug;
		};
		1E2ED90128E738A0005E1412 /* Release */ = {
			isa = XCBuildConfiguration;
			buildSettings = {
				ALWAYS_SEARCH_USER_PATHS = NO;
				CLANG_ANALYZER_NONNULL = YES;
				CLANG_ANALYZER_NUMBER_OBJECT_CONVERSION = YES_AGGRESSIVE;
				CLANG_CXX_LANGUAGE_STANDARD = "gnu++17";
				CLANG_ENABLE_MODULES = YES;
				CLANG_ENABLE_OBJC_ARC = YES;
				CLANG_ENABLE_OBJC_WEAK = YES;
				CLANG_WARN_BLOCK_CAPTURE_AUTORELEASING = YES;
				CLANG_WARN_BOOL_CONVERSION = YES;
				CLANG_WARN_COMMA = YES;
				CLANG_WARN_CONSTANT_CONVERSION = YES;
				CLANG_WARN_DEPRECATED_OBJC_IMPLEMENTATIONS = YES;
				CLANG_WARN_DIRECT_OBJC_ISA_USAGE = YES_ERROR;
				CLANG_WARN_DOCUMENTATION_COMMENTS = YES;
				CLANG_WARN_EMPTY_BODY = YES;
				CLANG_WARN_ENUM_CONVERSION = YES;
				CLANG_WARN_INFINITE_RECURSION = YES;
				CLANG_WARN_INT_CONVERSION = YES;
				CLANG_WARN_NON_LITERAL_NULL_CONVERSION = YES;
				CLANG_WARN_OBJC_IMPLICIT_RETAIN_SELF = YES;
				CLANG_WARN_OBJC_LITERAL_CONVERSION = YES;
				CLANG_WARN_OBJC_ROOT_CLASS = YES_ERROR;
				CLANG_WARN_QUOTED_INCLUDE_IN_FRAMEWORK_HEADER = YES;
				CLANG_WARN_RANGE_LOOP_ANALYSIS = YES;
				CLANG_WARN_STRICT_PROTOTYPES = YES;
				CLANG_WARN_SUSPICIOUS_MOVE = YES;
				CLANG_WARN_UNGUARDED_AVAILABILITY = YES_AGGRESSIVE;
				CLANG_WARN_UNREACHABLE_CODE = YES;
				CLANG_WARN__DUPLICATE_METHOD_MATCH = YES;
				COPY_PHASE_STRIP = NO;
				DEBUG_INFORMATION_FORMAT = "dwarf-with-dsym";
				ENABLE_NS_ASSERTIONS = NO;
				ENABLE_STRICT_OBJC_MSGSEND = YES;
				GCC_C_LANGUAGE_STANDARD = gnu11;
				GCC_NO_COMMON_BLOCKS = YES;
				GCC_WARN_64_TO_32_BIT_CONVERSION = YES;
				GCC_WARN_ABOUT_RETURN_TYPE = YES_ERROR;
				GCC_WARN_UNDECLARED_SELECTOR = YES;
				GCC_WARN_UNINITIALIZED_AUTOS = YES_AGGRESSIVE;
				GCC_WARN_UNUSED_FUNCTION = YES;
				GCC_WARN_UNUSED_VARIABLE = YES;
				IPHONEOS_DEPLOYMENT_TARGET = 15.5;
				MTL_ENABLE_DEBUG_INFO = NO;
				MTL_FAST_MATH = YES;
				SDKROOT = iphoneos;
				SWIFT_COMPILATION_MODE = wholemodule;
				SWIFT_OPTIMIZATION_LEVEL = "-O";
				VALIDATE_PRODUCT = YES;
			};
			name = Release;
		};
		1E2ED90328E738A0005E1412 /* Debug */ = {
			isa = XCBuildConfiguration;
			baseConfigurationReference = E1F075C96C115F26BECA5113 /* Pods-matbooking.debug.xcconfig */;
			buildSettings = {
				ASSETCATALOG_COMPILER_APPICON_NAME = AppIcon;
				ASSETCATALOG_COMPILER_GLOBAL_ACCENT_COLOR_NAME = AccentColor;
				CODE_SIGN_STYLE = Automatic;
				CURRENT_PROJECT_VERSION = 1;
				DEVELOPMENT_ASSET_PATHS = "\"matbooking/Preview Content\"";
				DEVELOPMENT_TEAM = QCV7RG73DZ;
				ENABLE_PREVIEWS = YES;
				GENERATE_INFOPLIST_FILE = YES;
				INFOPLIST_FILE = matbooking/Info.plist;
				INFOPLIST_KEY_UIApplicationSceneManifest_Generation = YES;
				INFOPLIST_KEY_UIApplicationSupportsIndirectInputEvents = YES;
				INFOPLIST_KEY_UILaunchScreen_Generation = YES;
				INFOPLIST_KEY_UISupportedInterfaceOrientations_iPad = "UIInterfaceOrientationPortrait UIInterfaceOrientationPortraitUpsideDown UIInterfaceOrientationLandscapeLeft UIInterfaceOrientationLandscapeRight";
				INFOPLIST_KEY_UISupportedInterfaceOrientations_iPhone = "UIInterfaceOrientationPortrait UIInterfaceOrientationLandscapeLeft UIInterfaceOrientationLandscapeRight";
				LD_RUNPATH_SEARCH_PATHS = (
					"$(inherited)",
					"@executable_path/Frameworks",
				);
				MARKETING_VERSION = 1.0;
				PRODUCT_BUNDLE_IDENTIFIER = kr.potatodevs.matbooking;
				PRODUCT_NAME = "$(TARGET_NAME)";
				SWIFT_EMIT_LOC_STRINGS = YES;
				SWIFT_VERSION = 5.0;
				TARGETED_DEVICE_FAMILY = "1,2";
			};
			name = Debug;
		};
		1E2ED90428E738A0005E1412 /* Release */ = {
			isa = XCBuildConfiguration;
			baseConfigurationReference = 66449D3E40C7FB44E0056772 /* Pods-matbooking.release.xcconfig */;
			buildSettings = {
				ASSETCATALOG_COMPILER_APPICON_NAME = AppIcon;
				ASSETCATALOG_COMPILER_GLOBAL_ACCENT_COLOR_NAME = AccentColor;
				CODE_SIGN_STYLE = Automatic;
				CURRENT_PROJECT_VERSION = 1;
				DEVELOPMENT_ASSET_PATHS = "\"matbooking/Preview Content\"";
				DEVELOPMENT_TEAM = QCV7RG73DZ;
				ENABLE_PREVIEWS = YES;
				GENERATE_INFOPLIST_FILE = YES;
				INFOPLIST_FILE = matbooking/Info.plist;
				INFOPLIST_KEY_UIApplicationSceneManifest_Generation = YES;
				INFOPLIST_KEY_UIApplicationSupportsIndirectInputEvents = YES;
				INFOPLIST_KEY_UILaunchScreen_Generation = YES;
				INFOPLIST_KEY_UISupportedInterfaceOrientations_iPad = "UIInterfaceOrientationPortrait UIInterfaceOrientationPortraitUpsideDown UIInterfaceOrientationLandscapeLeft UIInterfaceOrientationLandscapeRight";
				INFOPLIST_KEY_UISupportedInterfaceOrientations_iPhone = "UIInterfaceOrientationPortrait UIInterfaceOrientationLandscapeLeft UIInterfaceOrientationLandscapeRight";
				LD_RUNPATH_SEARCH_PATHS = (
					"$(inherited)",
					"@executable_path/Frameworks",
				);
				MARKETING_VERSION = 1.0;
				PRODUCT_BUNDLE_IDENTIFIER = kr.potatodevs.matbooking;
				PRODUCT_NAME = "$(TARGET_NAME)";
				SWIFT_EMIT_LOC_STRINGS = YES;
				SWIFT_VERSION = 5.0;
				TARGETED_DEVICE_FAMILY = "1,2";
			};
			name = Release;
		};
/* End XCBuildConfiguration section */

/* Begin XCConfigurationList section */
		1E2ED8EF28E738A0005E1412 /* Build configuration list for PBXProject "matbooking" */ = {
			isa = XCConfigurationList;
			buildConfigurations = (
				1E2ED90028E738A0005E1412 /* Debug */,
				1E2ED90128E738A0005E1412 /* Release */,
			);
			defaultConfigurationIsVisible = 0;
			defaultConfigurationName = Release;
		};
		1E2ED90228E738A0005E1412 /* Build configuration list for PBXNativeTarget "matbooking" */ = {
			isa = XCConfigurationList;
			buildConfigurations = (
				1E2ED90328E738A0005E1412 /* Debug */,
				1E2ED90428E738A0005E1412 /* Release */,
			);
			defaultConfigurationIsVisible = 0;
			defaultConfigurationName = Release;
		};
/* End XCConfigurationList section */
	};
	rootObject = 1E2ED8EC28E738A0005E1412 /* Project object */;
}
